// !$*UTF8*$!
{
	archiveVersion = 1;
	classes = {
	};
	objectVersion = 77;
	objects = {

/* Begin PBXBuildFile section */
		26619C2D2FDF3B5B00490F38 /* BYSFocusFlameStore.swift in Sources */ = {isa = PBXBuildFile; fileRef = 26619C2C2FDF3B5B00490F38 /* BYSFocusFlameStore.swift */; };
		26619C2E2FDF3B5B00490F38 /* BYSFocusFlameStore.swift in Sources */ = {isa = PBXBuildFile; fileRef = 26619C2C2FDF3B5B00490F38 /* BYSFocusFlameStore.swift */; };
		26619C2F2FDF3B5B00490F38 /* BYSFocusFlameStore.swift in Sources */ = {isa = PBXBuildFile; fileRef = 26619C2C2FDF3B5B00490F38 /* BYSFocusFlameStore.swift */; };
		26619C302FDF3B5B00490F38 /* BYSFocusFlameStore.swift in Sources */ = {isa = PBXBuildFile; fileRef = 26619C2C2FDF3B5B00490F38 /* BYSFocusFlameStore.swift */; };
		26619C3F2FDF645A00490F38 /* LocalStore.swift in Sources */ = {isa = PBXBuildFile; fileRef = 26619C3E2FDF645A00490F38 /* LocalStore.swift */; };
		26619C402FDF645A00490F38 /* LocalStore.swift in Sources */ = {isa = PBXBuildFile; fileRef = 26619C3E2FDF645A00490F38 /* LocalStore.swift */; };
		26619C412FDF645A00490F38 /* LocalStore.swift in Sources */ = {isa = PBXBuildFile; fileRef = 26619C3E2FDF645A00490F38 /* LocalStore.swift */; };
		26619C422FDF645A00490F38 /* LocalStore.swift in Sources */ = {isa = PBXBuildFile; fileRef = 26619C3E2FDF645A00490F38 /* LocalStore.swift */; };
		26619C442FDF645B00490F38 /* BYSStatsStore.swift in Sources */ = {isa = PBXBuildFile; fileRef = 26619C432FDF645B00490F38 /* BYSStatsStore.swift */; };
		26619C452FDF645B00490F38 /* BYSStatsStore.swift in Sources */ = {isa = PBXBuildFile; fileRef = 26619C432FDF645B00490F38 /* BYSStatsStore.swift */; };
		26619C462FDF645B00490F38 /* BYSStatsStore.swift in Sources */ = {isa = PBXBuildFile; fileRef = 26619C432FDF645B00490F38 /* BYSStatsStore.swift */; };
		26619C472FDF645B00490F38 /* BYSStatsStore.swift in Sources */ = {isa = PBXBuildFile; fileRef = 26619C432FDF645B00490F38 /* BYSStatsStore.swift */; };
		26DC6B712FBE53110070CA3E /* ManagedSettings.framework in Frameworks */ = {isa = PBXBuildFile; fileRef = 26DC6B702FBE53110070CA3E /* ManagedSettings.framework */; };
		26DC6B732FBE53110070CA3E /* ManagedSettingsUI.framework in Frameworks */ = {isa = PBXBuildFile; fileRef = 26DC6B722FBE53110070CA3E /* ManagedSettingsUI.framework */; };
		26DC6B7B2FBE53110070CA3E /* shieldconfiguration.appex in Embed Foundation Extensions */ = {isa = PBXBuildFile; fileRef = 26DC6B6E2FBE53110070CA3E /* shieldconfiguration.appex */; settings = {ATTRIBUTES = (RemoveHeadersOnCopy, ); }; };
		26DC6B862FBE53280070CA3E /* ManagedSettings.framework in Frameworks */ = {isa = PBXBuildFile; fileRef = 26DC6B702FBE53110070CA3E /* ManagedSettings.framework */; };
		26DC6B8E2FBE53280070CA3E /* shieldaction.appex in Embed Foundation Extensions */ = {isa = PBXBuildFile; fileRef = 26DC6B852FBE53280070CA3E /* shieldaction.appex */; settings = {ATTRIBUTES = (RemoveHeadersOnCopy, ); }; };
		26DC6B992FBE53560070CA3E /* DeviceActivity.framework in Frameworks */ = {isa = PBXBuildFile; fileRef = 26DC6B982FBE53560070CA3E /* DeviceActivity.framework */; };
		26DC6BA12FBE53560070CA3E /* deviceactivitymonitor.appex in Embed Foundation Extensions */ = {isa = PBXBuildFile; fileRef = 26DC6B972FBE53560070CA3E /* deviceactivitymonitor.appex */; settings = {ATTRIBUTES = (RemoveHeadersOnCopy, ); }; };
		26DC6BAC2FBE56020070CA3E /* BYSShieldActionStore.swift in Sources */ = {isa = PBXBuildFile; fileRef = 26DC6BAA2FBE56020070CA3E /* BYSShieldActionStore.swift */; };
		26DC6BAD2FBE56020070CA3E /* BYSUnlockStore.swift in Sources */ = {isa = PBXBuildFile; fileRef = 26DC6BAB2FBE56020070CA3E /* BYSUnlockStore.swift */; };
		26DC6BAE2FBE56020070CA3E /* BYSSelectionStore.swift in Sources */ = {isa = PBXBuildFile; fileRef = 26DC6BA92FBE56020070CA3E /* BYSSelectionStore.swift */; };
		26DC6BAF2FBE56020070CA3E /* BYSAppGroup.swift in Sources */ = {isa = PBXBuildFile; fileRef = 26DC6BA82FBE56020070CA3E /* BYSAppGroup.swift */; };
		26DC6BB02FBE56020070CA3E /* BYSShieldActionStore.swift in Sources */ = {isa = PBXBuildFile; fileRef = 26DC6BAA2FBE56020070CA3E /* BYSShieldActionStore.swift */; };
		26DC6BB12FBE56020070CA3E /* BYSUnlockStore.swift in Sources */ = {isa = PBXBuildFile; fileRef = 26DC6BAB2FBE56020070CA3E /* BYSUnlockStore.swift */; };
		26DC6BB22FBE56020070CA3E /* BYSSelectionStore.swift in Sources */ = {isa = PBXBuildFile; fileRef = 26DC6BA92FBE56020070CA3E /* BYSSelectionStore.swift */; };
		26DC6BB32FBE56020070CA3E /* BYSAppGroup.swift in Sources */ = {isa = PBXBuildFile; fileRef = 26DC6BA82FBE56020070CA3E /* BYSAppGroup.swift */; };
		26DC6BB42FBE56020070CA3E /* BYSShieldActionStore.swift in Sources */ = {isa = PBXBuildFile; fileRef = 26DC6BAA2FBE56020070CA3E /* BYSShieldActionStore.swift */; };
		26DC6BB52FBE56020070CA3E /* BYSUnlockStore.swift in Sources */ = {isa = PBXBuildFile; fileRef = 26DC6BAB2FBE56020070CA3E /* BYSUnlockStore.swift */; };
		26DC6BB62FBE56020070CA3E /* BYSSelectionStore.swift in Sources */ = {isa = PBXBuildFile; fileRef = 26DC6BA92FBE56020070CA3E /* BYSSelectionStore.swift */; };
		26DC6BB72FBE56020070CA3E /* BYSAppGroup.swift in Sources */ = {isa = PBXBuildFile; fileRef = 26DC6BA82FBE56020070CA3E /* BYSAppGroup.swift */; };
		26DC6BB82FBE56020070CA3E /* BYSShieldActionStore.swift in Sources */ = {isa = PBXBuildFile; fileRef = 26DC6BAA2FBE56020070CA3E /* BYSShieldActionStore.swift */; };
		26DC6BB92FBE56020070CA3E /* BYSUnlockStore.swift in Sources */ = {isa = PBXBuildFile; fileRef = 26DC6BAB2FBE56020070CA3E /* BYSUnlockStore.swift */; };
		26DC6BBA2FBE56020070CA3E /* BYSSelectionStore.swift in Sources */ = {isa = PBXBuildFile; fileRef = 26DC6BA92FBE56020070CA3E /* BYSSelectionStore.swift */; };
		26DC6BBB2FBE56020070CA3E /* BYSAppGroup.swift in Sources */ = {isa = PBXBuildFile; fileRef = 26DC6BA82FBE56020070CA3E /* BYSAppGroup.swift */; };
		26DC6C022FBF2D950070CA3E /* StoreKit.framework in Frameworks */ = {isa = PBXBuildFile; fileRef = 26DC6C012FBF2D950070CA3E /* StoreKit.framework */; };
/* End PBXBuildFile section */

/* Begin PBXContainerItemProxy section */
		26DC6B792FBE53110070CA3E /* PBXContainerItemProxy */ = {
			isa = PBXContainerItemProxy;
			containerPortal = 26DC6B1C2FBE50280070CA3E /* Project object */;
			proxyType = 1;
			remoteGlobalIDString = 26DC6B6D2FBE53110070CA3E;
			remoteInfo = shieldconfiguration;
		};
		26DC6B8C2FBE53280070CA3E /* PBXContainerItemProxy */ = {
			isa = PBXContainerItemProxy;
			containerPortal = 26DC6B1C2FBE50280070CA3E /* Project object */;
			proxyType = 1;
			remoteGlobalIDString = 26DC6B842FBE53280070CA3E;
			remoteInfo = shieldaction;
		};
		26DC6B9F2FBE53560070CA3E /* PBXContainerItemProxy */ = {
			isa = PBXContainerItemProxy;
			containerPortal = 26DC6B1C2FBE50280070CA3E /* Project object */;
			proxyType = 1;
			remoteGlobalIDString = 26DC6B962FBE53560070CA3E;
			remoteInfo = deviceactivitymonitor;
		};
/* End PBXContainerItemProxy section */

/* Begin PBXCopyFilesBuildPhase section */
		26DC6B802FBE53110070CA3E /* Embed Foundation Extensions */ = {
			isa = PBXCopyFilesBuildPhase;
			buildActionMask = 2147483647;
			dstPath = "";
			dstSubfolderSpec = 13;
			files = (
				26DC6B7B2FBE53110070CA3E /* shieldconfiguration.appex in Embed Foundation Extensions */,
				26DC6BA12FBE53560070CA3E /* deviceactivitymonitor.appex in Embed Foundation Extensions */,
				26DC6B8E2FBE53280070CA3E /* shieldaction.appex in Embed Foundation Extensions */,
			);
			name = "Embed Foundation Extensions";
			runOnlyForDeploymentPostprocessing = 0;
		};
/* End PBXCopyFilesBuildPhase section */

/* Begin PBXFileReference section */
		26619C2C2FDF3B5B00490F38 /* BYSFocusFlameStore.swift */ = {isa = PBXFileReference; lastKnownFileType = sourcecode.swift; path = BYSFocusFlameStore.swift; sourceTree = "<group>"; };
		26619C3E2FDF645A00490F38 /* LocalStore.swift */ = {isa = PBXFileReference; lastKnownFileType = sourcecode.swift; path = LocalStore.swift; sourceTree = "<group>"; };
		26619C432FDF645B00490F38 /* BYSStatsStore.swift */ = {isa = PBXFileReference; lastKnownFileType = sourcecode.swift; path = BYSStatsStore.swift; sourceTree = "<group>"; };
		26DC6B242FBE50280070CA3E /* beforeuscroll.app */ = {isa = PBXFileReference; explicitFileType = wrapper.application; includeInIndex = 0; path = beforeuscroll.app; sourceTree = BUILT_PRODUCTS_DIR; };
		26DC6B6E2FBE53110070CA3E /* shieldconfiguration.appex */ = {isa = PBXFileReference; explicitFileType = "wrapper.app-extension"; includeInIndex = 0; path = shieldconfiguration.appex; sourceTree = BUILT_PRODUCTS_DIR; };
		26DC6B702FBE53110070CA3E /* ManagedSettings.framework */ = {isa = PBXFileReference; lastKnownFileType = wrapper.framework; name = ManagedSettings.framework; path = System/Library/Frameworks/ManagedSettings.framework; sourceTree = SDKROOT; };
		26DC6B722FBE53110070CA3E /* ManagedSettingsUI.framework */ = {isa = PBXFileReference; lastKnownFileType = wrapper.framework; name = ManagedSettingsUI.framework; path = System/Library/Frameworks/ManagedSettingsUI.framework; sourceTree = SDKROOT; };
		26DC6B852FBE53280070CA3E /* shieldaction.appex */ = {isa = PBXFileReference; explicitFileType = "wrapper.app-extension"; includeInIndex = 0; path = shieldaction.appex; sourceTree = BUILT_PRODUCTS_DIR; };
		26DC6B972FBE53560070CA3E /* deviceactivitymonitor.appex */ = {isa = PBXFileReference; explicitFileType = "wrapper.app-extension"; includeInIndex = 0; path = deviceactivitymonitor.appex; sourceTree = BUILT_PRODUCTS_DIR; };
		26DC6B982FBE53560070CA3E /* DeviceActivity.framework */ = {isa = PBXFileReference; lastKnownFileType = wrapper.framework; name = DeviceActivity.framework; path = System/Library/Frameworks/DeviceActivity.framework; sourceTree = SDKROOT; };
		26DC6BA82FBE56020070CA3E /* BYSAppGroup.swift */ = {isa = PBXFileReference; lastKnownFileType = sourcecode.swift; path = BYSAppGroup.swift; sourceTree = "<group>"; };
		26DC6BA92FBE56020070CA3E /* BYSSelectionStore.swift */ = {isa = PBXFileReference; lastKnownFileType = sourcecode.swift; path = BYSSelectionStore.swift; sourceTree = "<group>"; };
		26DC6BAA2FBE56020070CA3E /* BYSShieldActionStore.swift */ = {isa = PBXFileReference; lastKnownFileType = sourcecode.swift; path = BYSShieldActionStore.swift; sourceTree = "<group>"; };
		26DC6BAB2FBE56020070CA3E /* BYSUnlockStore.swift */ = {isa = PBXFileReference; lastKnownFileType = sourcecode.swift; path = BYSUnlockStore.swift; sourceTree = "<group>"; };
		26DC6C012FBF2D950070CA3E /* StoreKit.framework */ = {isa = PBXFileReference; lastKnownFileType = wrapper.framework; name = StoreKit.framework; path = System/Library/Frameworks/StoreKit.framework; sourceTree = SDKROOT; };
/* End PBXFileReference section */

/* Begin PBXFileSystemSynchronizedBuildFileExceptionSet section */
		26DC6B7C2FBE53110070CA3E /* Exceptions for "shieldconfiguration" folder in "shieldconfiguration" target */ = {
			isa = PBXFileSystemSynchronizedBuildFileExceptionSet;
			membershipExceptions = (
				Info.plist,
			);
			target = 26DC6B6D2FBE53110070CA3E /* shieldconfiguration */;
		};
		26DC6B8F2FBE53280070CA3E /* Exceptions for "shieldaction" folder in "shieldaction" target */ = {
			isa = PBXFileSystemSynchronizedBuildFileExceptionSet;
			membershipExceptions = (
				Info.plist,
			);
			target = 26DC6B842FBE53280070CA3E /* shieldaction */;
		};
		26DC6BA22FBE53560070CA3E /* Exceptions for "deviceactivitymonitor" folder in "deviceactivitymonitor" target */ = {
			isa = PBXFileSystemSynchronizedBuildFileExceptionSet;
			membershipExceptions = (
				Info.plist,
			);
			target = 26DC6B962FBE53560070CA3E /* deviceactivitymonitor */;
		};
		26DC6BBD2FBE56E70070CA3E /* Exceptions for "beforeuscroll" folder in "beforeuscroll" target */ = {
			isa = PBXFileSystemSynchronizedBuildFileExceptionSet;
			membershipExceptions = (
				Info.plist,
			);
			target = 26DC6B232FBE50280070CA3E /* beforeuscroll */;
		};
/* End PBXFileSystemSynchronizedBuildFileExceptionSet section */

/* Begin PBXFileSystemSynchronizedRootGroup section */
		26DC6B262FBE50280070CA3E /* beforeuscroll */ = {
			isa = PBXFileSystemSynchronizedRootGroup;
			exceptions = (
				26DC6BBD2FBE56E70070CA3E /* Exceptions for "beforeuscroll" folder in "beforeuscroll" target */,
			);
			path = beforeuscroll;
			sourceTree = "<group>";
		};
		26DC6B742FBE53110070CA3E /* shieldconfiguration */ = {
			isa = PBXFileSystemSynchronizedRootGroup;
			exceptions = (
				26DC6B7C2FBE53110070CA3E /* Exceptions for "shieldconfiguration" folder in "shieldconfiguration" target */,
			);
			path = shieldconfiguration;
			sourceTree = "<group>";
		};
		26DC6B872FBE53280070CA3E /* shieldaction */ = {
			isa = PBXFileSystemSynchronizedRootGroup;
			exceptions = (
				26DC6B8F2FBE53280070CA3E /* Exceptions for "shieldaction" folder in "shieldaction" target */,
			);
			path = shieldaction;
			sourceTree = "<group>";
		};
		26DC6B9A2FBE53560070CA3E /* deviceactivitymonitor */ = {
			isa = PBXFileSystemSynchronizedRootGroup;
			exceptions = (
				26DC6BA22FBE53560070CA3E /* Exceptions for "deviceactivitymonitor" folder in "deviceactivitymonitor" target */,
			);
			path = deviceactivitymonitor;
			sourceTree = "<group>";
		};
/* End PBXFileSystemSynchronizedRootGroup section */

/* Begin PBXFrameworksBuildPhase section */
		26DC6B212FBE50280070CA3E /* Frameworks */ = {
			isa = PBXFrameworksBuildPhase;
			buildActionMask = 2147483647;
			files = (
				26DC6C022FBF2D950070CA3E /* StoreKit.framework in Frameworks */,
			);
			runOnlyForDeploymentPostprocessing = 0;
		};
		26DC6B6B2FBE53110070CA3E /* Frameworks */ = {
			isa = PBXFrameworksBuildPhase;
			buildActionMask = 2147483647;
			files = (
				26DC6B712FBE53110070CA3E /* ManagedSettings.framework in Frameworks */,
				26DC6B732FBE53110070CA3E /* ManagedSettingsUI.framework in Frameworks */,
			);
			runOnlyForDeploymentPostprocessing = 0;
		};
		26DC6B822FBE53280070CA3E /* Frameworks */ = {
			isa = PBXFrameworksBuildPhase;
			buildActionMask = 2147483647;
			files = (
				26DC6B862FBE53280070CA3E /* ManagedSettings.framework in Frameworks */,
			);
			runOnlyForDeploymentPostprocessing = 0;
		};
		26DC6B942FBE53560070CA3E /* Frameworks */ = {
			isa = PBXFrameworksBuildPhase;
			buildActionMask = 2147483647;
			files = (
				26DC6B992FBE53560070CA3E /* DeviceActivity.framework in Frameworks */,
			);
			runOnlyForDeploymentPostprocessing = 0;
		};
/* End PBXFrameworksBuildPhase section */

/* Begin PBXGroup section */
		26DC6B1B2FBE50280070CA3E = {
			isa = PBXGroup;
			children = (
				26DC6BA72FBE55F60070CA3E /* Shared */,
				26DC6B262FBE50280070CA3E /* beforeuscroll */,
				26DC6B742FBE53110070CA3E /* shieldconfiguration */,
				26DC6B872FBE53280070CA3E /* shieldaction */,
				26DC6B9A2FBE53560070CA3E /* deviceactivitymonitor */,
				26DC6B6F2FBE53110070CA3E /* Frameworks */,
				26DC6B252FBE50280070CA3E /* Products */,
			);
			sourceTree = "<group>";
		};
		26DC6B252FBE50280070CA3E /* Products */ = {
			isa = PBXGroup;
			children = (
				26DC6B242FBE50280070CA3E /* beforeuscroll.app */,
				26DC6B6E2FBE53110070CA3E /* shieldconfiguration.appex */,
				26DC6B852FBE53280070CA3E /* shieldaction.appex */,
				26DC6B972FBE53560070CA3E /* deviceactivitymonitor.appex */,
			);
			name = Products;
			sourceTree = "<group>";
		};
		26DC6B6F2FBE53110070CA3E /* Frameworks */ = {
			isa = PBXGroup;
			children = (
				26DC6C012FBF2D950070CA3E /* StoreKit.framework */,
				26DC6B702FBE53110070CA3E /* ManagedSettings.framework */,
				26DC6B722FBE53110070CA3E /* ManagedSettingsUI.framework */,
				26DC6B982FBE53560070CA3E /* DeviceActivity.framework */,
			);
			name = Frameworks;
			sourceTree = "<group>";
		};
		26DC6BA72FBE55F60070CA3E /* Shared */ = {
			isa = PBXGroup;
			children = (
				26DC6BA82FBE56020070CA3E /* BYSAppGroup.swift */,
				26DC6BA92FBE56020070CA3E /* BYSSelectionStore.swift */,
				26DC6BAA2FBE56020070CA3E /* BYSShieldActionStore.swift */,
				26DC6BAB2FBE56020070CA3E /* BYSUnlockStore.swift */,
				26619C2C2FDF3B5B00490F38 /* BYSFocusFlameStore.swift */,
				26619C3E2FDF645A00490F38 /* LocalStore.swift */,
				26619C432FDF645B00490F38 /* BYSStatsStore.swift */,
			);
			path = Shared;
			sourceTree = "<group>";
		};
/* End PBXGroup section */

/* Begin PBXNativeTarget section */
		26DC6B232FBE50280070CA3E /* beforeuscroll */ = {
			isa = PBXNativeTarget;
			buildConfigurationList = 26DC6B2F2FBE502B0070CA3E /* Build configuration list for PBXNativeTarget "beforeuscroll" */;
			buildPhases = (
				26DC6B202FBE50280070CA3E /* Sources */,
				26DC6B212FBE50280070CA3E /* Frameworks */,
				26DC6B222FBE50280070CA3E /* Resources */,
				26DC6B802FBE53110070CA3E /* Embed Foundation Extensions */,
			);
			buildRules = (
			);
			dependencies = (
				26DC6B7A2FBE53110070CA3E /* PBXTargetDependency */,
				26DC6B8D2FBE53280070CA3E /* PBXTargetDependency */,
				26DC6BA02FBE53560070CA3E /* PBXTargetDependency */,
			);
			fileSystemSynchronizedGroups = (
				26DC6B262FBE50280070CA3E /* beforeuscroll */,
			);
			name = beforeuscroll;
			packageProductDependencies = (
			);
			productName = beforeuscroll;
			productReference = 26DC6B242FBE50280070CA3E /* beforeuscroll.app */;
			productType = "com.apple.product-type.application";
		};
		26DC6B6D2FBE53110070CA3E /* shieldconfiguration */ = {
			isa = PBXNativeTarget;
			buildConfigurationList = 26DC6B7D2FBE53110070CA3E /* Build configuration list for PBXNativeTarget "shieldconfiguration" */;
			buildPhases = (
				26DC6B6A2FBE53110070CA3E /* Sources */,
				26DC6B6B2FBE53110070CA3E /* Frameworks */,
				26DC6B6C2FBE53110070CA3E /* Resources */,
			);
			buildRules = (
			);
			dependencies = (
			);
			fileSystemSynchronizedGroups = (
				26DC6B742FBE53110070CA3E /* shieldconfiguration */,
			);
			name = shieldconfiguration;
			packageProductDependencies = (
			);
			productName = shieldconfiguration;
			productReference = 26DC6B6E2FBE53110070CA3E /* shieldconfiguration.appex */;
			productType = "com.apple.product-type.app-extension";
		};
		26DC6B842FBE53280070CA3E /* shieldaction */ = {
			isa = PBXNativeTarget;
			buildConfigurationList = 26DC6B902FBE53280070CA3E /* Build configuration list for PBXNativeTarget "shieldaction" */;
			buildPhases = (
				26DC6B812FBE53280070CA3E /* Sources */,
				26DC6B822FBE53280070CA3E /* Frameworks */,
				26DC6B832FBE53280070CA3E /* Resources */,
			);
			buildRules = (
			);
			dependencies = (
			);
			fileSystemSynchronizedGroups = (
				26DC6B872FBE53280070CA3E /* shieldaction */,
			);
			name = shieldaction;
			packageProductDependencies = (
			);
			productName = shieldaction;
			productReference = 26DC6B852FBE53280070CA3E /* shieldaction.appex */;
			productType = "com.apple.product-type.app-extension";
		};
		26DC6B962FBE53560070CA3E /* deviceactivitymonitor */ = {
			isa = PBXNativeTarget;
			buildConfigurationList = 26DC6BA32FBE53560070CA3E /* Build configuration list for PBXNativeTarget "deviceactivitymonitor" */;
			buildPhases = (
				26DC6B932FBE53560070CA3E /* Sources */,
				26DC6B942FBE53560070CA3E /* Frameworks */,
				26DC6B952FBE53560070CA3E /* Resources */,
			);
			buildRules = (
			);
			dependencies = (
			);
			fileSystemSynchronizedGroups = (
				26DC6B9A2FBE53560070CA3E /* deviceactivitymonitor */,
			);
			name = deviceactivitymonitor;
			packageProductDependencies = (
			);
			productName = deviceactivitymonitor;
			productReference = 26DC6B972FBE53560070CA3E /* deviceactivitymonitor.appex */;
			productType = "com.apple.product-type.app-extension";
		};
/* End PBXNativeTarget section */

/* Begin PBXProject section */
		26DC6B1C2FBE50280070CA3E /* Project object */ = {
			isa = PBXProject;
			attributes = {
				BuildIndependentTargetsInParallel = 1;
				LastSwiftUpdateCheck = 2640;
				LastUpgradeCheck = 2640;
				TargetAttributes = {
					26DC6B232FBE50280070CA3E = {
						CreatedOnToolsVersion = 26.4;
					};
					26DC6B6D2FBE53110070CA3E = {
						CreatedOnToolsVersion = 26.4;
					};
					26DC6B842FBE53280070CA3E = {
						CreatedOnToolsVersion = 26.4;
					};
					26DC6B962FBE53560070CA3E = {
						CreatedOnToolsVersion = 26.4;
					};
				};
			};
			buildConfigurationList = 26DC6B1F2FBE50280070CA3E /* Build configuration list for PBXProject "beforeuscroll" */;
			developmentRegion = en;
			hasScannedForEncodings = 0;
			knownRegions = (
				en,
				Base,
			);
			mainGroup = 26DC6B1B2FBE50280070CA3E;
			minimizedProjectReferenceProxies = 1;
			preferredProjectObjectVersion = 77;
			productRefGroup = 26DC6B252FBE50280070CA3E /* Products */;
			projectDirPath = "";
			projectRoot = "";
			targets = (
				26DC6B232FBE50280070CA3E /* beforeuscroll */,
				26DC6B6D2FBE53110070CA3E /* shieldconfiguration */,
				26DC6B842FBE53280070CA3E /* shieldaction */,
				26DC6B962FBE53560070CA3E /* deviceactivitymonitor */,
			);
		};
/* End PBXProject section */

/* Begin PBXResourcesBuildPhase section */
		26DC6B222FBE50280070CA3E /* Resources */ = {
			isa = PBXResourcesBuildPhase;
			buildActionMask = 2147483647;
			files = (
			);
			runOnlyForDeploymentPostprocessing = 0;
		};
		26DC6B6C2FBE53110070CA3E /* Resources */ = {
			isa = PBXResourcesBuildPhase;
			buildActionMask = 2147483647;
			files = (
			);
			runOnlyForDeploymentPostprocessing = 0;
		};
		26DC6B832FBE53280070CA3E /* Resources */ = {
			isa = PBXResourcesBuildPhase;
			buildActionMask = 2147483647;
			files = (
			);
			runOnlyForDeploymentPostprocessing = 0;
		};
		26DC6B952FBE53560070CA3E /* Resources */ = {
			isa = PBXResourcesBuildPhase;
			buildActionMask = 2147483647;
			files = (
			);
			runOnlyForDeploymentPostprocessing = 0;
		};
/* End PBXResourcesBuildPhase section */

/* Begin PBXSourcesBuildPhase section */
		26DC6B202FBE50280070CA3E /* Sources */ = {
			isa = PBXSourcesBuildPhase;
			buildActionMask = 2147483647;
			files = (
				26619C442FDF645B00490F38 /* BYSStatsStore.swift in Sources */,
				26619C402FDF645A00490F38 /* LocalStore.swift in Sources */,
				26619C2D2FDF3B5B00490F38 /* BYSFocusFlameStore.swift in Sources */,
				26DC6BB02FBE56020070CA3E /* BYSShieldActionStore.swift in Sources */,
				26DC6BB12FBE56020070CA3E /* BYSUnlockStore.swift in Sources */,
				26DC6BB22FBE56020070CA3E /* BYSSelectionStore.swift in Sources */,
				26DC6BB32FBE56020070CA3E /* BYSAppGroup.swift in Sources */,
			);
			runOnlyForDeploymentPostprocessing = 0;
		};
		26DC6B6A2FBE53110070CA3E /* Sources */ = {
			isa = PBXSourcesBuildPhase;
			buildActionMask = 2147483647;
			files = (
				26619C472FDF645B00490F38 /* BYSStatsStore.swift in Sources */,
				26DC6BAC2FBE56020070CA3E /* BYSShieldActionStore.swift in Sources */,
				26619C412FDF645A00490F38 /* LocalStore.swift in Sources */,
				26DC6BAD2FBE56020070CA3E /* BYSUnlockStore.swift in Sources */,
				26619C2F2FDF3B5B00490F38 /* BYSFocusFlameStore.swift in Sources */,
				26DC6BAE2FBE56020070CA3E /* BYSSelectionStore.swift in Sources */,
				26DC6BAF2FBE56020070CA3E /* BYSAppGroup.swift in Sources */,
			);
			runOnlyForDeploymentPostprocessing = 0;
		};
		26DC6B812FBE53280070CA3E /* Sources */ = {
			isa = PBXSourcesBuildPhase;
			buildActionMask = 2147483647;
			files = (
				26619C462FDF645B00490F38 /* BYSStatsStore.swift in Sources */,
				26DC6BB42FBE56020070CA3E /* BYSShieldActionStore.swift in Sources */,
				26619C422FDF645A00490F38 /* LocalStore.swift in Sources */,
				26DC6BB52FBE56020070CA3E /* BYSUnlockStore.swift in Sources */,
				26DC6BB62FBE56020070CA3E /* BYSSelectionStore.swift in Sources */,
				26619C2E2FDF3B5B00490F38 /* BYSFocusFlameStore.swift in Sources */,
				26DC6BB72FBE56020070CA3E /* BYSAppGroup.swift in Sources */,
			);
			runOnlyForDeploymentPostprocessing = 0;
		};
		26DC6B932FBE53560070CA3E /* Sources */ = {
			isa = PBXSourcesBuildPhase;
			buildActionMask = 2147483647;
			files = (
				26619C452FDF645B00490F38 /* BYSStatsStore.swift in Sources */,
				26DC6BB82FBE56020070CA3E /* BYSShieldActionStore.swift in Sources */,
				26619C3F2FDF645A00490F38 /* LocalStore.swift in Sources */,
				26DC6BB92FBE56020070CA3E /* BYSUnlockStore.swift in Sources */,
				26619C302FDF3B5B00490F38 /* BYSFocusFlameStore.swift in Sources */,
				26DC6BBA2FBE56020070CA3E /* BYSSelectionStore.swift in Sources */,
				26DC6BBB2FBE56020070CA3E /* BYSAppGroup.swift in Sources */,
			);
			runOnlyForDeploymentPostprocessing = 0;
		};
/* End PBXSourcesBuildPhase section */

/* Begin PBXTargetDependency section */
		26DC6B7A2FBE53110070CA3E /* PBXTargetDependency */ = {
			isa = PBXTargetDependency;
			target = 26DC6B6D2FBE53110070CA3E /* shieldconfiguration */;
			targetProxy = 26DC6B792FBE53110070CA3E /* PBXContainerItemProxy */;
		};
		26DC6B8D2FBE53280070CA3E /* PBXTargetDependency */ = {
			isa = PBXTargetDependency;
			target = 26DC6B842FBE53280070CA3E /* shieldaction */;
			targetProxy = 26DC6B8C2FBE53280070CA3E /* PBXContainerItemProxy */;
		};
		26DC6BA02FBE53560070CA3E /* PBXTargetDependency */ = {
			isa = PBXTargetDependency;
			target = 26DC6B962FBE53560070CA3E /* deviceactivitymonitor */;
			targetProxy = 26DC6B9F2FBE53560070CA3E /* PBXContainerItemProxy */;
		};
/* End PBXTargetDependency section */

/* Begin XCBuildConfiguration section */
		26DC6B2D2FBE502B0070CA3E /* Debug */ = {
			isa = XCBuildConfiguration;
			buildSettings = {
				ALWAYS_SEARCH_USER_PATHS = NO;
				ASSETCATALOG_COMPILER_GENERATE_SWIFT_ASSET_SYMBOL_EXTENSIONS = YES;
				CLANG_ANALYZER_NONNULL = YES;
				CLANG_ANALYZER_NUMBER_OBJECT_CONVERSION = YES_AGGRESSIVE;
				CLANG_CXX_LANGUAGE_STANDARD = "gnu++20";
				CLANG_ENABLE_MODULES = YES;
				CLANG_ENABLE_OBJC_ARC = YES;
				CLANG_ENABLE_OBJC_WEAK = YES;
				CLANG_WARN_BLOCK_CAPTURE_AUTORELEASING = YES;
				CLANG_WARN_BOOL_CONVERSION = YES;
				CLANG_WARN_COMMA = YES;
				CLANG_WARN_CONSTANT_CONVERSION = YES;
				CLANG_WARN_DEPRECATED_OBJC_IMPLEMENTATIONS = YES;
				CLANG_WARN_DIRECT_OBJC_ISA_USAGE = YES_ERROR;
				CLANG_WARN_DOCUMENTATION_COMMENTS = YES;
				CLANG_WARN_EMPTY_BODY = YES;
				CLANG_WARN_ENUM_CONVERSION = YES;
				CLANG_WARN_INFINITE_RECURSION = YES;
				CLANG_WARN_INT_CONVERSION = YES;
				CLANG_WARN_NON_LITERAL_NULL_CONVERSION = YES;
				CLANG_WARN_OBJC_IMPLICIT_RETAIN_SELF = YES;
				CLANG_WARN_OBJC_LITERAL_CONVERSION = YES;
				CLANG_WARN_OBJC_ROOT_CLASS = YES_ERROR;
				CLANG_WARN_QUOTED_INCLUDE_IN_FRAMEWORK_HEADER = YES;
				CLANG_WARN_RANGE_LOOP_ANALYSIS = YES;
				CLANG_WARN_STRICT_PROTOTYPES = YES;
				CLANG_WARN_SUSPICIOUS_MOVE = YES;
				CLANG_WARN_UNGUARDED_AVAILABILITY = YES_AGGRESSIVE;
				CLANG_WARN_UNREACHABLE_CODE = YES;
				CLANG_WARN__DUPLICATE_METHOD_MATCH = YES;
				COPY_PHASE_STRIP = NO;
				DEBUG_INFORMATION_FORMAT = dwarf;
				DEVELOPMENT_TEAM = K48G99PWNM;
				ENABLE_STRICT_OBJC_MSGSEND = YES;
				ENABLE_TESTABILITY = YES;
				ENABLE_USER_SCRIPT_SANDBOXING = YES;
				GCC_C_LANGUAGE_STANDARD = gnu17;
				GCC_DYNAMIC_NO_PIC = NO;
				GCC_NO_COMMON_BLOCKS = YES;
				GCC_OPTIMIZATION_LEVEL = 0;
				GCC_PREPROCESSOR_DEFINITIONS = (
					"DEBUG=1",
					"$(inherited)",
				);
				GCC_WARN_64_TO_32_BIT_CONVERSION = YES;
				GCC_WARN_ABOUT_RETURN_TYPE = YES_ERROR;
				GCC_WARN_UNDECLARED_SELECTOR = YES;
				GCC_WARN_UNINITIALIZED_AUTOS = YES_AGGRESSIVE;
				GCC_WARN_UNUSED_FUNCTION = YES;
				GCC_WARN_UNUSED_VARIABLE = YES;
				IPHONEOS_DEPLOYMENT_TARGET = 26.4;
				LOCALIZATION_PREFERS_STRING_CATALOGS = YES;
				MTL_ENABLE_DEBUG_INFO = INCLUDE_SOURCE;
				MTL_FAST_MATH = YES;
				ONLY_ACTIVE_ARCH = YES;
				SDKROOT = iphoneos;
				SWIFT_ACTIVE_COMPILATION_CONDITIONS = "DEBUG $(inherited)";
				SWIFT_OPTIMIZATION_LEVEL = "-Onone";
			};
			name = Debug;
		};
		26DC6B2E2FBE502B0070CA3E /* Release */ = {
			isa = XCBuildConfiguration;
			buildSettings = {
				ALWAYS_SEARCH_USER_PATHS = NO;
				ASSETCATALOG_COMPILER_GENERATE_SWIFT_ASSET_SYMBOL_EXTENSIONS = YES;
				CLANG_ANALYZER_NONNULL = YES;
				CLANG_ANALYZER_NUMBER_OBJECT_CONVERSION = YES_AGGRESSIVE;
				CLANG_CXX_LANGUAGE_STANDARD = "gnu++20";
				CLANG_ENABLE_MODULES = YES;
				CLANG_ENABLE_OBJC_ARC = YES;
				CLANG_ENABLE_OBJC_WEAK = YES;
				CLANG_WARN_BLOCK_CAPTURE_AUTORELEASING = YES;
				CLANG_WARN_BOOL_CONVERSION = YES;
				CLANG_WARN_COMMA = YES;
				CLANG_WARN_CONSTANT_CONVERSION = YES;
				CLANG_WARN_DEPRECATED_OBJC_IMPLEMENTATIONS = YES;
				CLANG_WARN_DIRECT_OBJC_ISA_USAGE = YES_ERROR;
				CLANG_WARN_DOCUMENTATION_COMMENTS = YES;
				CLANG_WARN_EMPTY_BODY = YES;
				CLANG_WARN_ENUM_CONVERSION = YES;
				CLANG_WARN_INFINITE_RECURSION = YES;
				CLANG_WARN_INT_CONVERSION = YES;
				CLANG_WARN_NON_LITERAL_NULL_CONVERSION = YES;
				CLANG_WARN_OBJC_IMPLICIT_RETAIN_SELF = YES;
				CLANG_WARN_OBJC_LITERAL_CONVERSION = YES;
				CLANG_WARN_OBJC_ROOT_CLASS = YES_ERROR;
				CLANG_WARN_QUOTED_INCLUDE_IN_FRAMEWORK_HEADER = YES;
				CLANG_WARN_RANGE_LOOP_ANALYSIS = YES;
				CLANG_WARN_STRICT_PROTOTYPES = YES;
				CLANG_WARN_SUSPICIOUS_MOVE = YES;
				CLANG_WARN_UNGUARDED_AVAILABILITY = YES_AGGRESSIVE;
				CLANG_WARN_UNREACHABLE_CODE = YES;
				CLANG_WARN__DUPLICATE_METHOD_MATCH = YES;
				COPY_PHASE_STRIP = NO;
				DEBUG_INFORMATION_FORMAT = "dwarf-with-dsym";
				DEVELOPMENT_TEAM = K48G99PWNM;
				ENABLE_NS_ASSERTIONS = NO;
				ENABLE_STRICT_OBJC_MSGSEND = YES;
				ENABLE_USER_SCRIPT_SANDBOXING = YES;
				GCC_C_LANGUAGE_STANDARD = gnu17;
				GCC_NO_COMMON_BLOCKS = YES;
				GCC_WARN_64_TO_32_BIT_CONVERSION = YES;
				GCC_WARN_ABOUT_RETURN_TYPE = YES_ERROR;
				GCC_WARN_UNDECLARED_SELECTOR = YES;
				GCC_WARN_UNINITIALIZED_AUTOS = YES_AGGRESSIVE;
				GCC_WARN_UNUSED_FUNCTION = YES;
				GCC_WARN_UNUSED_VARIABLE = YES;
				IPHONEOS_DEPLOYMENT_TARGET = 26.4;
				LOCALIZATION_PREFERS_STRING_CATALOGS = YES;
				MTL_ENABLE_DEBUG_INFO = NO;
				MTL_FAST_MATH = YES;
				SDKROOT = iphoneos;
				SWIFT_COMPILATION_MODE = wholemodule;
				VALIDATE_PRODUCT = YES;
			};
			name = Release;
		};
		26DC6B302FBE502B0070CA3E /* Debug */ = {
			isa = XCBuildConfiguration;
			buildSettings = {
				ASSETCATALOG_COMPILER_APPICON_NAME = AppIcon;
				ASSETCATALOG_COMPILER_GLOBAL_ACCENT_COLOR_NAME = AccentColor;
				CODE_SIGN_ENTITLEMENTS = beforeuscroll/beforeuscroll.entitlements;
				CODE_SIGN_STYLE = Automatic;
				CURRENT_PROJECT_VERSION = 9;
				DEVELOPMENT_TEAM = NDX8XU8XCV;
				ENABLE_PREVIEWS = YES;
				GENERATE_INFOPLIST_FILE = YES;
				INFOPLIST_FILE = beforeuscroll/Info.plist;
				INFOPLIST_KEY_CFBundleDisplayName = BeforeUScroll;
				INFOPLIST_KEY_LSApplicationCategoryType = "public.app-category.productivity";
				INFOPLIST_KEY_UIApplicationSceneManifest_Generation = YES;
				INFOPLIST_KEY_UIApplicationSupportsIndirectInputEvents = YES;
				INFOPLIST_KEY_UILaunchScreen_Generation = YES;
				INFOPLIST_KEY_UISupportedInterfaceOrientations_iPad = "UIInterfaceOrientationPortrait UIInterfaceOrientationPortraitUpsideDown UIInterfaceOrientationLandscapeLeft UIInterfaceOrientationLandscapeRight";
				INFOPLIST_KEY_UISupportedInterfaceOrientations_iPhone = "UIInterfaceOrientationPortrait UIInterfaceOrientationLandscapeLeft UIInterfaceOrientationLandscapeRight";
				IPHONEOS_DEPLOYMENT_TARGET = 17;
				LD_RUNPATH_SEARCH_PATHS = (
					"$(inherited)",
					"@executable_path/Frameworks",
				);
				MARKETING_VERSION = 1.0;
				PRODUCT_BUNDLE_IDENTIFIER = com.denzeltinashe.beforeuscroll;
				PRODUCT_NAME = "$(TARGET_NAME)";
				STRING_CATALOG_GENERATE_SYMBOLS = YES;
				SUPPORTED_PLATFORMS = "iphoneos iphonesimulator";
				SUPPORTS_MACCATALYST = NO;
				SWIFT_APPROACHABLE_CONCURRENCY = YES;
				SWIFT_DEFAULT_ACTOR_ISOLATION = MainActor;
				SWIFT_EMIT_LOC_STRINGS = YES;
				SWIFT_UPCOMING_FEATURE_MEMBER_IMPORT_VISIBILITY = YES;
				SWIFT_VERSION = 5.0;
				TARGETED_DEVICE_FAMILY = "1,2";
			};
			name = Debug;
		};
		26DC6B312FBE502B0070CA3E /* Release */ = {
			isa = XCBuildConfiguration;
			buildSettings = {
				ASSETCATALOG_COMPILER_APPICON_NAME = AppIcon;
				ASSETCATALOG_COMPILER_GLOBAL_ACCENT_COLOR_NAME = AccentColor;
				CODE_SIGN_ENTITLEMENTS = beforeuscroll/beforeuscroll.entitlements;
				CODE_SIGN_STYLE = Automatic;
				CURRENT_PROJECT_VERSION = 9;
				DEVELOPMENT_TEAM = NDX8XU8XCV;
				ENABLE_PREVIEWS = YES;
				GENERATE_INFOPLIST_FILE = YES;
				INFOPLIST_FILE = beforeuscroll/Info.plist;
				INFOPLIST_KEY_CFBundleDisplayName = BeforeUScroll;
				INFOPLIST_KEY_LSApplicationCategoryType = "public.app-category.productivity";
				INFOPLIST_KEY_UIApplicationSceneManifest_Generation = YES;
				INFOPLIST_KEY_UIApplicationSupportsIndirectInputEvents = YES;
				INFOPLIST_KEY_UILaunchScreen_Generation = YES;
				INFOPLIST_KEY_UISupportedInterfaceOrientations_iPad = "UIInterfaceOrientationPortrait UIInterfaceOrientationPortraitUpsideDown UIInterfaceOrientationLandscapeLeft UIInterfaceOrientationLandscapeRight";
				INFOPLIST_KEY_UISupportedInterfaceOrientations_iPhone = "UIInterfaceOrientationPortrait UIInterfaceOrientationLandscapeLeft UIInterfaceOrientationLandscapeRight";
				IPHONEOS_DEPLOYMENT_TARGET = 17;
				LD_RUNPATH_SEARCH_PATHS = (
					"$(inherited)",
					"@executable_path/Frameworks",
				);
				MARKETING_VERSION = 1.0;
				PRODUCT_BUNDLE_IDENTIFIER = com.denzeltinashe.beforeuscroll;
				PRODUCT_NAME = "$(TARGET_NAME)";
				STRING_CATALOG_GENERATE_SYMBOLS = YES;
				SUPPORTED_PLATFORMS = "iphoneos iphonesimulator";
				SUPPORTS_MACCATALYST = NO;
				SWIFT_APPROACHABLE_CONCURRENCY = YES;
				SWIFT_DEFAULT_ACTOR_ISOLATION = MainActor;
				SWIFT_EMIT_LOC_STRINGS = YES;
				SWIFT_UPCOMING_FEATURE_MEMBER_IMPORT_VISIBILITY = YES;
				SWIFT_VERSION = 5.0;
				TARGETED_DEVICE_FAMILY = "1,2";
			};
			name = Release;
		};
		26DC6B7E2FBE53110070CA3E /* Debug */ = {
			isa = XCBuildConfiguration;
			buildSettings = {
				CODE_SIGN_ENTITLEMENTS = shieldconfiguration/shieldconfiguration.entitlements;
				CODE_SIGN_STYLE = Automatic;
				CURRENT_PROJECT_VERSION = 9;
				DEVELOPMENT_TEAM = NDX8XU8XCV;
				GENERATE_INFOPLIST_FILE = YES;
				INFOPLIST_FILE = shieldconfiguration/Info.plist;
				INFOPLIST_KEY_CFBundleDisplayName = shieldconfiguration;
				INFOPLIST_KEY_NSHumanReadableCopyright = "";
				IPHONEOS_DEPLOYMENT_TARGET = 26.0;
				LD_RUNPATH_SEARCH_PATHS = (
					"$(inherited)",
					"@executable_path/Frameworks",
					"@executable_path/../../Frameworks",
				);
				MARKETING_VERSION = 1.0;
				PRODUCT_BUNDLE_IDENTIFIER = com.denzeltinashe.beforeuscroll.shieldconfiguration;
				PRODUCT_NAME = "$(TARGET_NAME)";
				SKIP_INSTALL = YES;
				STRING_CATALOG_GENERATE_SYMBOLS = YES;
				SWIFT_APPROACHABLE_CONCURRENCY = YES;
				SWIFT_EMIT_LOC_STRINGS = YES;
				SWIFT_UPCOMING_FEATURE_MEMBER_IMPORT_VISIBILITY = YES;
				SWIFT_VERSION = 5.0;
				TARGETED_DEVICE_FAMILY = "1,2";
			};
			name = Debug;
		};
		26DC6B7F2FBE53110070CA3E /* Release */ = {
			isa = XCBuildConfiguration;
			buildSettings = {
				CODE_SIGN_ENTITLEMENTS = shieldconfiguration/shieldconfiguration.entitlements;
				CODE_SIGN_STYLE = Automatic;
				CURRENT_PROJECT_VERSION = 9;
				DEVELOPMENT_TEAM = NDX8XU8XCV;
				GENERATE_INFOPLIST_FILE = YES;
				INFOPLIST_FILE = shieldconfiguration/Info.plist;
				INFOPLIST_KEY_CFBundleDisplayName = shieldconfiguration;
				INFOPLIST_KEY_NSHumanReadableCopyright = "";
				IPHONEOS_DEPLOYMENT_TARGET = 26.0;
				LD_RUNPATH_SEARCH_PATHS = (
					"$(inherited)",
					"@executable_path/Frameworks",
					"@executable_path/../../Frameworks",
				);
				MARKETING_VERSION = 1.0;
				PRODUCT_BUNDLE_IDENTIFIER = com.denzeltinashe.beforeuscroll.shieldconfiguration;
				PRODUCT_NAME = "$(TARGET_NAME)";
				SKIP_INSTALL = YES;
				STRING_CATALOG_GENERATE_SYMBOLS = YES;
				SWIFT_APPROACHABLE_CONCURRENCY = YES;
				SWIFT_EMIT_LOC_STRINGS = YES;
				SWIFT_UPCOMING_FEATURE_MEMBER_IMPORT_VISIBILITY = YES;
				SWIFT_VERSION = 5.0;
				TARGETED_DEVICE_FAMILY = "1,2";
			};
			name = Release;
		};
		26DC6B912FBE53280070CA3E /* Debug */ = {
			isa = XCBuildConfiguration;
			buildSettings = {
				CODE_SIGN_ENTITLEMENTS = shieldaction/shieldaction.entitlements;
				CODE_SIGN_STYLE = Automatic;
				CURRENT_PROJECT_VERSION = 9;
				DEVELOPMENT_TEAM = NDX8XU8XCV;
				GENERATE_INFOPLIST_FILE = YES;
				INFOPLIST_FILE = shieldaction/Info.plist;
				INFOPLIST_KEY_CFBundleDisplayName = shieldaction;
				INFOPLIST_KEY_NSHumanReadableCopyright = "";
				IPHONEOS_DEPLOYMENT_TARGET = 26.0;
				LD_RUNPATH_SEARCH_PATHS = (
					"$(inherited)",
					"@executable_path/Frameworks",
					"@executable_path/../../Frameworks",
				);
				MARKETING_VERSION = 1.0;
				PRODUCT_BUNDLE_IDENTIFIER = com.denzeltinashe.beforeuscroll.shieldaction;
				PRODUCT_NAME = "$(TARGET_NAME)";
				SKIP_INSTALL = YES;
				STRING_CATALOG_GENERATE_SYMBOLS = YES;
				SWIFT_APPROACHABLE_CONCURRENCY = YES;
				SWIFT_EMIT_LOC_STRINGS = YES;
				SWIFT_UPCOMING_FEATURE_MEMBER_IMPORT_VISIBILITY = YES;
				SWIFT_VERSION = 5.0;
				TARGETED_DEVICE_FAMILY = "1,2";
			};
			name = Debug;
		};
		26DC6B922FBE53280070CA3E /* Release */ = {
			isa = XCBuildConfiguration;
			buildSettings = {
				CODE_SIGN_ENTITLEMENTS = shieldaction/shieldaction.entitlements;
				CODE_SIGN_STYLE = Automatic;
				CURRENT_PROJECT_VERSION = 9;
				DEVELOPMENT_TEAM = NDX8XU8XCV;
				GENERATE_INFOPLIST_FILE = YES;
				INFOPLIST_FILE = shieldaction/Info.plist;
				INFOPLIST_KEY_CFBundleDisplayName = shieldaction;
				INFOPLIST_KEY_NSHumanReadableCopyright = "";
				IPHONEOS_DEPLOYMENT_TARGET = 26.0;
				LD_RUNPATH_SEARCH_PATHS = (
					"$(inherited)",
					"@executable_path/Frameworks",
					"@executable_path/../../Frameworks",
				);
				MARKETING_VERSION = 1.0;
				PRODUCT_BUNDLE_IDENTIFIER = com.denzeltinashe.beforeuscroll.shieldaction;
				PRODUCT_NAME = "$(TARGET_NAME)";
				SKIP_INSTALL = YES;
				STRING_CATALOG_GENERATE_SYMBOLS = YES;
				SWIFT_APPROACHABLE_CONCURRENCY = YES;
				SWIFT_EMIT_LOC_STRINGS = YES;
				SWIFT_UPCOMING_FEATURE_MEMBER_IMPORT_VISIBILITY = YES;
				SWIFT_VERSION = 5.0;
				TARGETED_DEVICE_FAMILY = "1,2";
			};
			name = Release;
		};
		26DC6BA42FBE53560070CA3E /* Debug */ = {
			isa = XCBuildConfiguration;
			buildSettings = {
				CODE_SIGN_ENTITLEMENTS = deviceactivitymonitor/deviceactivitymonitor.entitlements;
				CODE_SIGN_STYLE = Automatic;
				CURRENT_PROJECT_VERSION = 9;
				DEVELOPMENT_TEAM = NDX8XU8XCV;
				GENERATE_INFOPLIST_FILE = YES;
				INFOPLIST_FILE = deviceactivitymonitor/Info.plist;
				INFOPLIST_KEY_CFBundleDisplayName = deviceactivitymonitor;
				INFOPLIST_KEY_NSHumanReadableCopyright = "";
				IPHONEOS_DEPLOYMENT_TARGET = 26.0;
				LD_RUNPATH_SEARCH_PATHS = (
					"$(inherited)",
					"@executable_path/Frameworks",
					"@executable_path/../../Frameworks",
				);
				MARKETING_VERSION = 1.0;
				PRODUCT_BUNDLE_IDENTIFIER = com.denzeltinashe.beforeuscroll.deviceactivitymonitor;
				PRODUCT_NAME = "$(TARGET_NAME)";
				SKIP_INSTALL = YES;
				STRING_CATALOG_GENERATE_SYMBOLS = YES;
				SWIFT_APPROACHABLE_CONCURRENCY = YES;
				SWIFT_EMIT_LOC_STRINGS = YES;
				SWIFT_UPCOMING_FEATURE_MEMBER_IMPORT_VISIBILITY = YES;
				SWIFT_VERSION = 5.0;
				TARGETED_DEVICE_FAMILY = "1,2";
			};
			name = Debug;
		};
		26DC6BA52FBE53560070CA3E /* Release */ = {
			isa = XCBuildConfiguration;
			buildSettings = {
				CODE_SIGN_ENTITLEMENTS = deviceactivitymonitor/deviceactivitymonitor.entitlements;
				CODE_SIGN_STYLE = Automatic;
				CURRENT_PROJECT_VERSION = 9;
				DEVELOPMENT_TEAM = NDX8XU8XCV;
				GENERATE_INFOPLIST_FILE = YES;
				INFOPLIST_FILE = deviceactivitymonitor/Info.plist;
				INFOPLIST_KEY_CFBundleDisplayName = deviceactivitymonitor;
				INFOPLIST_KEY_NSHumanReadableCopyright = "";
				IPHONEOS_DEPLOYMENT_TARGET = 26.0;
				LD_RUNPATH_SEARCH_PATHS = (
					"$(inherited)",
					"@executable_path/Frameworks",
					"@executable_path/../../Frameworks",
				);
				MARKETING_VERSION = 1.0;
				PRODUCT_BUNDLE_IDENTIFIER = com.denzeltinashe.beforeuscroll.deviceactivitymonitor;
				PRODUCT_NAME = "$(TARGET_NAME)";
				SKIP_INSTALL = YES;
				STRING_CATALOG_GENERATE_SYMBOLS = YES;
				SWIFT_APPROACHABLE_CONCURRENCY = YES;
				SWIFT_EMIT_LOC_STRINGS = YES;
				SWIFT_UPCOMING_FEATURE_MEMBER_IMPORT_VISIBILITY = YES;
				SWIFT_VERSION = 5.0;
				TARGETED_DEVICE_FAMILY = "1,2";
			};
			name = Release;
		};
/* End XCBuildConfiguration section */

/* Begin XCConfigurationList section */
		26DC6B1F2FBE50280070CA3E /* Build configuration list for PBXProject "beforeuscroll" */ = {
			isa = XCConfigurationList;
			buildConfigurations = (
				26DC6B2D2FBE502B0070CA3E /* Debug */,
				26DC6B2E2FBE502B0070CA3E /* Release */,
			);
			defaultConfigurationIsVisible = 0;
			defaultConfigurationName = Release;
		};
		26DC6B2F2FBE502B0070CA3E /* Build configuration list for PBXNativeTarget "beforeuscroll" */ = {
			isa = XCConfigurationList;
			buildConfigurations = (
				26DC6B302FBE502B0070CA3E /* Debug */,
				26DC6B312FBE502B0070CA3E /* Release */,
			);
			defaultConfigurationIsVisible = 0;
			defaultConfigurationName = Release;
		};
		26DC6B7D2FBE53110070CA3E /* Build configuration list for PBXNativeTarget "shieldconfiguration" */ = {
			isa = XCConfigurationList;
			buildConfigurations = (
				26DC6B7E2FBE53110070CA3E /* Debug */,
				26DC6B7F2FBE53110070CA3E /* Release */,
			);
			defaultConfigurationIsVisible = 0;
			defaultConfigurationName = Release;
		};
		26DC6B902FBE53280070CA3E /* Build configuration list for PBXNativeTarget "shieldaction" */ = {
			isa = XCConfigurationList;
			buildConfigurations = (
				26DC6B912FBE53280070CA3E /* Debug */,
				26DC6B922FBE53280070CA3E /* Release */,
			);
			defaultConfigurationIsVisible = 0;
			defaultConfigurationName = Release;
		};
		26DC6BA32FBE53560070CA3E /* Build configuration list for PBXNativeTarget "deviceactivitymonitor" */ = {
			isa = XCConfigurationList;
			buildConfigurations = (
				26DC6BA42FBE53560070CA3E /* Debug */,
				26DC6BA52FBE53560070CA3E /* Release */,
			);
			defaultConfigurationIsVisible = 0;
			defaultConfigurationName = Release;
		};
/* End XCConfigurationList section */
	};
	rootObject = 26DC6B1C2FBE50280070CA3E /* Project object */;
}
